{
  "originHash" : "40e388aac84ad0c7d06a5012b33950c8ea1fa13db199283c846f5320986f58f2",
  "pins" : [
    {
      "identity" : "autolayout",
      "kind" : "remoteSourceControl",
      "location" : "https://github.com/componentskit/AutoLayout",
      "state" : {
        "revision" : "fb4d7ea7ad5cfbaaf972506e6e23f87824345e4d",
        "version" : "1.0.1"
      }
    },
    {
      "identity" : "componentskit",
      "kind" : "remoteSourceControl",
      "location" : "https://github.com/componentskit/ComponentsKit",
      "state" : {
        "revision" : "fe56aaf6a1a633ce59944b737ce93a46f161e2fd",
        "version" : "1.5.4"
      }
    },
    {
      "identity" : "mixpanel-swift",
      "kind" : "remoteSourceControl",
      "location" : "https://github.com/mixpanel/mixpanel-swift",
      "state" : {
        "branch" : "master",
        "revision" : "5ecded282e1468a5b6ac60e16569cc074f814db3"
      }
    },
    {
      "identity" : "purchases-ios",
      "kind" : "remoteSourceControl",
      "location" : "https://github.com/RevenueCat/purchases-ios",
      "state" : {
        "revision" : "b11e3e4eefdd0c78b2181a0ad7affdb9362ec4a3",
        "version" : "5.55.1"
      }
    },
    {
      "identity" : "webrtc",
      "kind" : "remoteSourceControl",
      "location" : "https://github.com/stasel/WebRTC.git",
      "state" : {
        "revision" : "117d290e37742ea3a792a345f8ba1ec268eb7090",
        "version" : "141.0.0"
      }
    }
  ],
  "version" : 3
}
